
Microsoft Visual Studio Solution File, Format Version 9.00
# Visual Studio 2005
Project("{8BC9CEB8-8B4A-11D0-8D11-00A0C91BC942}") = "allegrogl", "allegrogl\allegrogl.vcproj", "{4410DA55-BCB4-48DD-8091-BD4AF12232D3}"
EndProject
Project("{8BC9CEB8-8B4A-11D0-8D11-00A0C91BC942}") = "dumbtest", "dumbtest\dumbtest.vcproj", "{4EAD1962-14EF-4861-A425-F736335EBFB1}"
	ProjectSection(ProjectDependencies) = postProject
		{4410DA55-BCB4-48DD-8091-BD4AF12232D3} = {4410DA55-BCB4-48DD-8091-BD4AF12232D3}
	EndProjectSection
EndProject
Project("{8BC9CEB8-8B4A-11D0-8D11-00A0C91BC942}") = "exalleg", "exalleg\exalleg.vcproj", "{88FB2256-8586-417B-B236-C66B03F923A5}"
	ProjectSection(ProjectDependencies) = postProject
		{4410DA55-BCB4-48DD-8091-BD4AF12232D3} = {4410DA55-BCB4-48DD-8091-BD4AF12232D3}
	EndProjectSection
EndProject
Project("{8BC9CEB8-8B4A-11D0-8D11-00A0C91BC942}") = "extext", "extext\extext.vcproj", "{DF04DE05-94FF-4CD7-983B-1B7DAA348A0B}"
	ProjectSection(ProjectDependencies) = postProject
		{4410DA55-BCB4-48DD-8091-BD4AF12232D3} = {4410DA55-BCB4-48DD-8091-BD4AF12232D3}
	EndProjectSection
EndProject
Project("{8BC9CEB8-8B4A-11D0-8D11-00A0C91BC942}") = "exalpfnt", "exalpfnt\exalpfnt.vcproj", "{B32E642E-8F95-42C0-B12F-D70382E95D74}"
	ProjectSection(ProjectDependencies) = postProject
		{4410DA55-BCB4-48DD-8091-BD4AF12232D3} = {4410DA55-BCB4-48DD-8091-BD4AF12232D3}
	EndProjectSection
EndProject
Project("{8BC9CEB8-8B4A-11D0-8D11-00A0C91BC942}") = "exblend", "exblend\exblend.vcproj", "{F5961865-3B4E-4700-AD41-ADD7E95F1BFF}"
	ProjectSection(ProjectDependencies) = postProject
		{4410DA55-BCB4-48DD-8091-BD4AF12232D3} = {4410DA55-BCB4-48DD-8091-BD4AF12232D3}
	EndProjectSection
EndProject
Project("{8BC9CEB8-8B4A-11D0-8D11-00A0C91BC942}") = "exext", "exext\exext.vcproj", "{FE77DACC-56A8-4200-81A5-552C9A567703}"
	ProjectSection(ProjectDependencies) = postProject
		{4410DA55-BCB4-48DD-8091-BD4AF12232D3} = {4410DA55-BCB4-48DD-8091-BD4AF12232D3}
	EndProjectSection
EndProject
Project("{8BC9CEB8-8B4A-11D0-8D11-00A0C91BC942}") = "exgui", "exgui\exgui.vcproj", "{A0C2B45B-AA60-4044-B997-AB49B8C5D88F}"
	ProjectSection(ProjectDependencies) = postProject
		{4410DA55-BCB4-48DD-8091-BD4AF12232D3} = {4410DA55-BCB4-48DD-8091-BD4AF12232D3}
	EndProjectSection
EndProject
Project("{8BC9CEB8-8B4A-11D0-8D11-00A0C91BC942}") = "dialog", "dialog\dialog.vcproj", "{D7B7008C-31EA-4C49-BDF8-ABBCF8664BF7}"
	ProjectSection(ProjectDependencies) = postProject
		{4410DA55-BCB4-48DD-8091-BD4AF12232D3} = {4410DA55-BCB4-48DD-8091-BD4AF12232D3}
	EndProjectSection
EndProject
Project("{8BC9CEB8-8B4A-11D0-8D11-00A0C91BC942}") = "excamera", "excamera\excamera.vcproj", "{F2843103-87B1-43E6-92EA-6DBAB1764CE1}"
	ProjectSection(ProjectDependencies) = postProject
		{4410DA55-BCB4-48DD-8091-BD4AF12232D3} = {4410DA55-BCB4-48DD-8091-BD4AF12232D3}
	EndProjectSection
EndProject
Project("{8BC9CEB8-8B4A-11D0-8D11-00A0C91BC942}") = "exmasked", "exmasked\exmasked.vcproj", "{106C8BD7-4FA9-4FC1-87C9-63525CB70B02}"
	ProjectSection(ProjectDependencies) = postProject
		{4410DA55-BCB4-48DD-8091-BD4AF12232D3} = {4410DA55-BCB4-48DD-8091-BD4AF12232D3}
	EndProjectSection
EndProject
Project("{8BC9CEB8-8B4A-11D0-8D11-00A0C91BC942}") = "exmipmaps", "exmipmaps\exmipmaps.vcproj", "{D930E7FF-BDD8-4D97-98BF-C217C935D410}"
	ProjectSection(ProjectDependencies) = postProject
		{4410DA55-BCB4-48DD-8091-BD4AF12232D3} = {4410DA55-BCB4-48DD-8091-BD4AF12232D3}
	EndProjectSection
EndProject
Project("{8BC9CEB8-8B4A-11D0-8D11-00A0C91BC942}") = "extextur", "extextur\extextur.vcproj", "{F08168D4-655D-4112-95DE-8082445536B2}"
	ProjectSection(ProjectDependencies) = postProject
		{4410DA55-BCB4-48DD-8091-BD4AF12232D3} = {4410DA55-BCB4-48DD-8091-BD4AF12232D3}
	EndProjectSection
EndProject
Project("{8BC9CEB8-8B4A-11D0-8D11-00A0C91BC942}") = "fonttest", "fonttest\fonttest.vcproj", "{363B6C5B-2BE7-4CFC-800B-EE8E94C0C664}"
	ProjectSection(ProjectDependencies) = postProject
		{4410DA55-BCB4-48DD-8091-BD4AF12232D3} = {4410DA55-BCB4-48DD-8091-BD4AF12232D3}
	EndProjectSection
EndProject
Project("{8BC9CEB8-8B4A-11D0-8D11-00A0C91BC942}") = "test", "test\test.vcproj", "{2C9BE81F-C5FE-4E2D-8E0D-73BDF89BCB76}"
	ProjectSection(ProjectDependencies) = postProject
		{4410DA55-BCB4-48DD-8091-BD4AF12232D3} = {4410DA55-BCB4-48DD-8091-BD4AF12232D3}
	EndProjectSection
EndProject
Project("{8BC9CEB8-8B4A-11D0-8D11-00A0C91BC942}") = "tex", "tex\tex.vcproj", "{5F031903-B2E3-454A-8360-77FD19E3EE77}"
	ProjectSection(ProjectDependencies) = postProject
		{4410DA55-BCB4-48DD-8091-BD4AF12232D3} = {4410DA55-BCB4-48DD-8091-BD4AF12232D3}
	EndProjectSection
EndProject
Global
	GlobalSection(SolutionConfigurationPlatforms) = preSolution
		Debug|Win32 = Debug|Win32
		DLL Release|Win32 = DLL Release|Win32
		Release|Win32 = Release|Win32
		Static Debug|Win32 = Static Debug|Win32
		Static Release CRT|Win32 = Static Release CRT|Win32
		Static Release|Win32 = Static Release|Win32
	EndGlobalSection
	GlobalSection(ProjectConfigurationPlatforms) = postSolution
		{4410DA55-BCB4-48DD-8091-BD4AF12232D3}.Debug|Win32.ActiveCfg = Debug|Win32
		{4410DA55-BCB4-48DD-8091-BD4AF12232D3}.Debug|Win32.Build.0 = Debug|Win32
		{4410DA55-BCB4-48DD-8091-BD4AF12232D3}.DLL Release|Win32.ActiveCfg = DLL Release|Win32
		{4410DA55-BCB4-48DD-8091-BD4AF12232D3}.DLL Release|Win32.Build.0 = DLL Release|Win32
		{4410DA55-BCB4-48DD-8091-BD4AF12232D3}.Release|Win32.ActiveCfg = Release|Win32
		{4410DA55-BCB4-48DD-8091-BD4AF12232D3}.Release|Win32.Build.0 = Release|Win32
		{4410DA55-BCB4-48DD-8091-BD4AF12232D3}.Static Debug|Win32.ActiveCfg = Static Debug|Win32
		{4410DA55-BCB4-48DD-8091-BD4AF12232D3}.Static Debug|Win32.Build.0 = Static Debug|Win32
		{4410DA55-BCB4-48DD-8091-BD4AF12232D3}.Static Release CRT|Win32.ActiveCfg = Static Release CRT|Win32
		{4410DA55-BCB4-48DD-8091-BD4AF12232D3}.Static Release CRT|Win32.Build.0 = Static Release CRT|Win32
		{4410DA55-BCB4-48DD-8091-BD4AF12232D3}.Static Release|Win32.ActiveCfg = Static Release|Win32
		{4410DA55-BCB4-48DD-8091-BD4AF12232D3}.Static Release|Win32.Build.0 = Static Release|Win32
		{4EAD1962-14EF-4861-A425-F736335EBFB1}.Debug|Win32.ActiveCfg = Debug|Win32
		{4EAD1962-14EF-4861-A425-F736335EBFB1}.Debug|Win32.Build.0 = Debug|Win32
		{4EAD1962-14EF-4861-A425-F736335EBFB1}.DLL Release|Win32.ActiveCfg = DLL Release|Win32
		{4EAD1962-14EF-4861-A425-F736335EBFB1}.DLL Release|Win32.Build.0 = DLL Release|Win32
		{4EAD1962-14EF-4861-A425-F736335EBFB1}.Release|Win32.ActiveCfg = Release|Win32
		{4EAD1962-14EF-4861-A425-F736335EBFB1}.Release|Win32.Build.0 = Release|Win32
		{4EAD1962-14EF-4861-A425-F736335EBFB1}.Static Debug|Win32.ActiveCfg = Static Debug|Win32
		{4EAD1962-14EF-4861-A425-F736335EBFB1}.Static Debug|Win32.Build.0 = Static Debug|Win32
		{4EAD1962-14EF-4861-A425-F736335EBFB1}.Static Release CRT|Win32.ActiveCfg = Static Release CRT|Win32
		{4EAD1962-14EF-4861-A425-F736335EBFB1}.Static Release CRT|Win32.Build.0 = Static Release CRT|Win32
		{4EAD1962-14EF-4861-A425-F736335EBFB1}.Static Release|Win32.ActiveCfg = Static Release|Win32
		{4EAD1962-14EF-4861-A425-F736335EBFB1}.Static Release|Win32.Build.0 = Static Release|Win32
		{88FB2256-8586-417B-B236-C66B03F923A5}.Debug|Win32.ActiveCfg = Debug|Win32
		{88FB2256-8586-417B-B236-C66B03F923A5}.Debug|Win32.Build.0 = Debug|Win32
		{88FB2256-8586-417B-B236-C66B03F923A5}.DLL Release|Win32.ActiveCfg = DLL Release|Win32
		{88FB2256-8586-417B-B236-C66B03F923A5}.DLL Release|Win32.Build.0 = DLL Release|Win32
		{88FB2256-8586-417B-B236-C66B03F923A5}.Release|Win32.ActiveCfg = Release|Win32
		{88FB2256-8586-417B-B236-C66B03F923A5}.Release|Win32.Build.0 = Release|Win32
		{88FB2256-8586-417B-B236-C66B03F923A5}.Static Debug|Win32.ActiveCfg = Static Debug|Win32
		{88FB2256-8586-417B-B236-C66B03F923A5}.Static Debug|Win32.Build.0 = Static Debug|Win32
		{88FB2256-8586-417B-B236-C66B03F923A5}.Static Release CRT|Win32.ActiveCfg = Static Release CRT|Win32
		{88FB2256-8586-417B-B236-C66B03F923A5}.Static Release CRT|Win32.Build.0 = Static Release CRT|Win32
		{88FB2256-8586-417B-B236-C66B03F923A5}.Static Release|Win32.ActiveCfg = Static Release|Win32
		{88FB2256-8586-417B-B236-C66B03F923A5}.Static Release|Win32.Build.0 = Static Release|Win32
		{DF04DE05-94FF-4CD7-983B-1B7DAA348A0B}.Debug|Win32.ActiveCfg = Debug|Win32
		{DF04DE05-94FF-4CD7-983B-1B7DAA348A0B}.Debug|Win32.Build.0 = Debug|Win32
		{DF04DE05-94FF-4CD7-983B-1B7DAA348A0B}.DLL Release|Win32.ActiveCfg = DLL Release|Win32
		{DF04DE05-94FF-4CD7-983B-1B7DAA348A0B}.DLL Release|Win32.Build.0 = DLL Release|Win32
		{DF04DE05-94FF-4CD7-983B-1B7DAA348A0B}.Release|Win32.ActiveCfg = Release|Win32
		{DF04DE05-94FF-4CD7-983B-1B7DAA348A0B}.Release|Win32.Build.0 = Release|Win32
		{DF04DE05-94FF-4CD7-983B-1B7DAA348A0B}.Static Debug|Win32.ActiveCfg = Static Debug|Win32
		{DF04DE05-94FF-4CD7-983B-1B7DAA348A0B}.Static Debug|Win32.Build.0 = Static Debug|Win32
		{DF04DE05-94FF-4CD7-983B-1B7DAA348A0B}.Static Release CRT|Win32.ActiveCfg = Static Release CRT|Win32
		{DF04DE05-94FF-4CD7-983B-1B7DAA348A0B}.Static Release CRT|Win32.Build.0 = Static Release CRT|Win32
		{DF04DE05-94FF-4CD7-983B-1B7DAA348A0B}.Static Release|Win32.ActiveCfg = Static Release|Win32
		{DF04DE05-94FF-4CD7-983B-1B7DAA348A0B}.Static Release|Win32.Build.0 = Static Release|Win32
		{B32E642E-8F95-42C0-B12F-D70382E95D74}.Debug|Win32.ActiveCfg = Debug|Win32
		{B32E642E-8F95-42C0-B12F-D70382E95D74}.Debug|Win32.Build.0 = Debug|Win32
		{B32E642E-8F95-42C0-B12F-D70382E95D74}.DLL Release|Win32.ActiveCfg = DLL Release|Win32
		{B32E642E-8F95-42C0-B12F-D70382E95D74}.DLL Release|Win32.Build.0 = DLL Release|Win32
		{B32E642E-8F95-42C0-B12F-D70382E95D74}.Release|Win32.ActiveCfg = Release|Win32
		{B32E642E-8F95-42C0-B12F-D70382E95D74}.Release|Win32.Build.0 = Release|Win32
		{B32E642E-8F95-42C0-B12F-D70382E95D74}.Static Debug|Win32.ActiveCfg = Static Debug|Win32
		{B32E642E-8F95-42C0-B12F-D70382E95D74}.Static Debug|Win32.Build.0 = Static Debug|Win32
		{B32E642E-8F95-42C0-B12F-D70382E95D74}.Static Release CRT|Win32.ActiveCfg = Static Release CRT|Win32
		{B32E642E-8F95-42C0-B12F-D70382E95D74}.Static Release CRT|Win32.Build.0 = Static Release CRT|Win32
		{B32E642E-8F95-42C0-B12F-D70382E95D74}.Static Release|Win32.ActiveCfg = Static Release|Win32
		{B32E642E-8F95-42C0-B12F-D70382E95D74}.Static Release|Win32.Build.0 = Static Release|Win32
		{F5961865-3B4E-4700-AD41-ADD7E95F1BFF}.Debug|Win32.ActiveCfg = Debug|Win32
		{F5961865-3B4E-4700-AD41-ADD7E95F1BFF}.Debug|Win32.Build.0 = Debug|Win32
		{F5961865-3B4E-4700-AD41-ADD7E95F1BFF}.DLL Release|Win32.ActiveCfg = DLL Release|Win32
		{F5961865-3B4E-4700-AD41-ADD7E95F1BFF}.DLL Release|Win32.Build.0 = DLL Release|Win32
		{F5961865-3B4E-4700-AD41-ADD7E95F1BFF}.Release|Win32.ActiveCfg = Release|Win32
		{F5961865-3B4E-4700-AD41-ADD7E95F1BFF}.Release|Win32.Build.0 = Release|Win32
		{F5961865-3B4E-4700-AD41-ADD7E95F1BFF}.Static Debug|Win32.ActiveCfg = Static Debug|Win32
		{F5961865-3B4E-4700-AD41-ADD7E95F1BFF}.Static Debug|Win32.Build.0 = Static Debug|Win32
		{F5961865-3B4E-4700-AD41-ADD7E95F1BFF}.Static Release CRT|Win32.ActiveCfg = Static Release CRT|Win32
		{F5961865-3B4E-4700-AD41-ADD7E95F1BFF}.Static Release CRT|Win32.Build.0 = Static Release CRT|Win32
		{F5961865-3B4E-4700-AD41-ADD7E95F1BFF}.Static Release|Win32.ActiveCfg = Static Release|Win32
		{F5961865-3B4E-4700-AD41-ADD7E95F1BFF}.Static Release|Win32.Build.0 = Static Release|Win32
		{FE77DACC-56A8-4200-81A5-552C9A567703}.Debug|Win32.ActiveCfg = Debug|Win32
		{FE77DACC-56A8-4200-81A5-552C9A567703}.Debug|Win32.Build.0 = Debug|Win32
		{FE77DACC-56A8-4200-81A5-552C9A567703}.DLL Release|Win32.ActiveCfg = DLL Release|Win32
		{FE77DACC-56A8-4200-81A5-552C9A567703}.DLL Release|Win32.Build.0 = DLL Release|Win32
		{FE77DACC-56A8-4200-81A5-552C9A567703}.Release|Win32.ActiveCfg = Release|Win32
		{FE77DACC-56A8-4200-81A5-552C9A567703}.Release|Win32.Build.0 = Release|Win32
		{FE77DACC-56A8-4200-81A5-552C9A567703}.Static Debug|Win32.ActiveCfg = Static Debug|Win32
		{FE77DACC-56A8-4200-81A5-552C9A567703}.Static Debug|Win32.Build.0 = Static Debug|Win32
		{FE77DACC-56A8-4200-81A5-552C9A567703}.Static Release CRT|Win32.ActiveCfg = Static Release CRT|Win32
		{FE77DACC-56A8-4200-81A5-552C9A567703}.Static Release CRT|Win32.Build.0 = Static Release CRT|Win32
		{FE77DACC-56A8-4200-81A5-552C9A567703}.Static Release|Win32.ActiveCfg = Static Release|Win32
		{FE77DACC-56A8-4200-81A5-552C9A567703}.Static Release|Win32.Build.0 = Static Release|Win32
		{A0C2B45B-AA60-4044-B997-AB49B8C5D88F}.Debug|Win32.ActiveCfg = Debug|Win32
		{A0C2B45B-AA60-4044-B997-AB49B8C5D88F}.Debug|Win32.Build.0 = Debug|Win32
		{A0C2B45B-AA60-4044-B997-AB49B8C5D88F}.DLL Release|Win32.ActiveCfg = DLL Release|Win32
		{A0C2B45B-AA60-4044-B997-AB49B8C5D88F}.DLL Release|Win32.Build.0 = DLL Release|Win32
		{A0C2B45B-AA60-4044-B997-AB49B8C5D88F}.Release|Win32.ActiveCfg = Release|Win32
		{A0C2B45B-AA60-4044-B997-AB49B8C5D88F}.Release|Win32.Build.0 = Release|Win32
		{A0C2B45B-AA60-4044-B997-AB49B8C5D88F}.Static Debug|Win32.ActiveCfg = Static Debug|Win32
		{A0C2B45B-AA60-4044-B997-AB49B8C5D88F}.Static Debug|Win32.Build.0 = Static Debug|Win32
		{A0C2B45B-AA60-4044-B997-AB49B8C5D88F}.Static Release CRT|Win32.ActiveCfg = Static Release CRT|Win32
		{A0C2B45B-AA60-4044-B997-AB49B8C5D88F}.Static Release CRT|Win32.Build.0 = Static Release CRT|Win32
		{A0C2B45B-AA60-4044-B997-AB49B8C5D88F}.Static Release|Win32.ActiveCfg = Static Release|Win32
		{A0C2B45B-AA60-4044-B997-AB49B8C5D88F}.Static Release|Win32.Build.0 = Static Release|Win32
		{D7B7008C-31EA-4C49-BDF8-ABBCF8664BF7}.Debug|Win32.ActiveCfg = Debug|Win32
		{D7B7008C-31EA-4C49-BDF8-ABBCF8664BF7}.Debug|Win32.Build.0 = Debug|Win32
		{D7B7008C-31EA-4C49-BDF8-ABBCF8664BF7}.DLL Release|Win32.ActiveCfg = DLL Release|Win32
		{D7B7008C-31EA-4C49-BDF8-ABBCF8664BF7}.DLL Release|Win32.Build.0 = DLL Release|Win32
		{D7B7008C-31EA-4C49-BDF8-ABBCF8664BF7}.Release|Win32.ActiveCfg = Release|Win32
		{D7B7008C-31EA-4C49-BDF8-ABBCF8664BF7}.Release|Win32.Build.0 = Release|Win32
		{D7B7008C-31EA-4C49-BDF8-ABBCF8664BF7}.Static Debug|Win32.ActiveCfg = Static Debug|Win32
		{D7B7008C-31EA-4C49-BDF8-ABBCF8664BF7}.Static Debug|Win32.Build.0 = Static Debug|Win32
		{D7B7008C-31EA-4C49-BDF8-ABBCF8664BF7}.Static Release CRT|Win32.ActiveCfg = Static Release CRT|Win32
		{D7B7008C-31EA-4C49-BDF8-ABBCF8664BF7}.Static Release CRT|Win32.Build.0 = Static Release CRT|Win32
		{D7B7008C-31EA-4C49-BDF8-ABBCF8664BF7}.Static Release|Win32.ActiveCfg = Static Release|Win32
		{D7B7008C-31EA-4C49-BDF8-ABBCF8664BF7}.Static Release|Win32.Build.0 = Static Release|Win32
		{F2843103-87B1-43E6-92EA-6DBAB1764CE1}.Debug|Win32.ActiveCfg = Debug|Win32
		{F2843103-87B1-43E6-92EA-6DBAB1764CE1}.Debug|Win32.Build.0 = Debug|Win32
		{F2843103-87B1-43E6-92EA-6DBAB1764CE1}.DLL Release|Win32.ActiveCfg = DLL Release|Win32
		{F2843103-87B1-43E6-92EA-6DBAB1764CE1}.DLL Release|Win32.Build.0 = DLL Release|Win32
		{F2843103-87B1-43E6-92EA-6DBAB1764CE1}.Release|Win32.ActiveCfg = Release|Win32
		{F2843103-87B1-43E6-92EA-6DBAB1764CE1}.Release|Win32.Build.0 = Release|Win32
		{F2843103-87B1-43E6-92EA-6DBAB1764CE1}.Static Debug|Win32.ActiveCfg = Static Debug|Win32
		{F2843103-87B1-43E6-92EA-6DBAB1764CE1}.Static Debug|Win32.Build.0 = Static Debug|Win32
		{F2843103-87B1-43E6-92EA-6DBAB1764CE1}.Static Release CRT|Win32.ActiveCfg = Static Release CRT|Win32
		{F2843103-87B1-43E6-92EA-6DBAB1764CE1}.Static Release CRT|Win32.Build.0 = Static Release CRT|Win32
		{F2843103-87B1-43E6-92EA-6DBAB1764CE1}.Static Release|Win32.ActiveCfg = Static Release|Win32
		{F2843103-87B1-43E6-92EA-6DBAB1764CE1}.Static Release|Win32.Build.0 = Static Release|Win32
		{106C8BD7-4FA9-4FC1-87C9-63525CB70B02}.Debug|Win32.ActiveCfg = Debug|Win32
		{106C8BD7-4FA9-4FC1-87C9-63525CB70B02}.Debug|Win32.Build.0 = Debug|Win32
		{106C8BD7-4FA9-4FC1-87C9-63525CB70B02}.DLL Release|Win32.ActiveCfg = DLL Release|Win32
		{106C8BD7-4FA9-4FC1-87C9-63525CB70B02}.DLL Release|Win32.Build.0 = DLL Release|Win32
		{106C8BD7-4FA9-4FC1-87C9-63525CB70B02}.Release|Win32.ActiveCfg = Release|Win32
		{106C8BD7-4FA9-4FC1-87C9-63525CB70B02}.Release|Win32.Build.0 = Release|Win32
		{106C8BD7-4FA9-4FC1-87C9-63525CB70B02}.Static Debug|Win32.ActiveCfg = Static Debug|Win32
		{106C8BD7-4FA9-4FC1-87C9-63525CB70B02}.Static Debug|Win32.Build.0 = Static Debug|Win32
		{106C8BD7-4FA9-4FC1-87C9-63525CB70B02}.Static Release CRT|Win32.ActiveCfg = Static Release CRT|Win32
		{106C8BD7-4FA9-4FC1-87C9-63525CB70B02}.Static Release CRT|Win32.Build.0 = Static Release CRT|Win32
		{106C8BD7-4FA9-4FC1-87C9-63525CB70B02}.Static Release|Win32.ActiveCfg = Static Release|Win32
		{106C8BD7-4FA9-4FC1-87C9-63525CB70B02}.Static Release|Win32.Build.0 = Static Release|Win32
		{D930E7FF-BDD8-4D97-98BF-C217C935D410}.Debug|Win32.ActiveCfg = Debug|Win32
		{D930E7FF-BDD8-4D97-98BF-C217C935D410}.Debug|Win32.Build.0 = Debug|Win32
		{D930E7FF-BDD8-4D97-98BF-C217C935D410}.DLL Release|Win32.ActiveCfg = DLL Release|Win32
		{D930E7FF-BDD8-4D97-98BF-C217C935D410}.DLL Release|Win32.Build.0 = DLL Release|Win32
		{D930E7FF-BDD8-4D97-98BF-C217C935D410}.Release|Win32.ActiveCfg = Release|Win32
		{D930E7FF-BDD8-4D97-98BF-C217C935D410}.Release|Win32.Build.0 = Release|Win32
		{D930E7FF-BDD8-4D97-98BF-C217C935D410}.Static Debug|Win32.ActiveCfg = Static Debug|Win32
		{D930E7FF-BDD8-4D97-98BF-C217C935D410}.Static Debug|Win32.Build.0 = Static Debug|Win32
		{D930E7FF-BDD8-4D97-98BF-C217C935D410}.Static Release CRT|Win32.ActiveCfg = Static Release CRT|Win32
		{D930E7FF-BDD8-4D97-98BF-C217C935D410}.Static Release CRT|Win32.Build.0 = Static Release CRT|Win32
		{D930E7FF-BDD8-4D97-98BF-C217C935D410}.Static Release|Win32.ActiveCfg = Static Release|Win32
		{D930E7FF-BDD8-4D97-98BF-C217C935D410}.Static Release|Win32.Build.0 = Static Release|Win32
		{F08168D4-655D-4112-95DE-8082445536B2}.Debug|Win32.ActiveCfg = Debug|Win32
		{F08168D4-655D-4112-95DE-8082445536B2}.Debug|Win32.Build.0 = Debug|Win32
		{F08168D4-655D-4112-95DE-8082445536B2}.DLL Release|Win32.ActiveCfg = DLL Release|Win32
		{F08168D4-655D-4112-95DE-8082445536B2}.DLL Release|Win32.Build.0 = DLL Release|Win32
		{F08168D4-655D-4112-95DE-8082445536B2}.Release|Win32.ActiveCfg = Release|Win32
		{F08168D4-655D-4112-95DE-8082445536B2}.Release|Win32.Build.0 = Release|Win32
		{F08168D4-655D-4112-95DE-8082445536B2}.Static Debug|Win32.ActiveCfg = Static Debug|Win32
		{F08168D4-655D-4112-95DE-8082445536B2}.Static Debug|Win32.Build.0 = Static Debug|Win32
		{F08168D4-655D-4112-95DE-8082445536B2}.Static Release CRT|Win32.ActiveCfg = Static Release CRT|Win32
		{F08168D4-655D-4112-95DE-8082445536B2}.Static Release CRT|Win32.Build.0 = Static Release CRT|Win32
		{F08168D4-655D-4112-95DE-8082445536B2}.Static Release|Win32.ActiveCfg = Static Release|Win32
		{F08168D4-655D-4112-95DE-8082445536B2}.Static Release|Win32.Build.0 = Static Release|Win32
		{363B6C5B-2BE7-4CFC-800B-EE8E94C0C664}.Debug|Win32.ActiveCfg = Debug|Win32
		{363B6C5B-2BE7-4CFC-800B-EE8E94C0C664}.Debug|Win32.Build.0 = Debug|Win32
		{363B6C5B-2BE7-4CFC-800B-EE8E94C0C664}.DLL Release|Win32.ActiveCfg = DLL Release|Win32
		{363B6C5B-2BE7-4CFC-800B-EE8E94C0C664}.DLL Release|Win32.Build.0 = DLL Release|Win32
		{363B6C5B-2BE7-4CFC-800B-EE8E94C0C664}.Release|Win32.ActiveCfg = Release|Win32
		{363B6C5B-2BE7-4CFC-800B-EE8E94C0C664}.Release|Win32.Build.0 = Release|Win32
		{363B6C5B-2BE7-4CFC-800B-EE8E94C0C664}.Static Debug|Win32.ActiveCfg = Static Debug|Win32
		{363B6C5B-2BE7-4CFC-800B-EE8E94C0C664}.Static Debug|Win32.Build.0 = Static Debug|Win32
		{363B6C5B-2BE7-4CFC-800B-EE8E94C0C664}.Static Release CRT|Win32.ActiveCfg = Static Release CRT|Win32
		{363B6C5B-2BE7-4CFC-800B-EE8E94C0C664}.Static Release CRT|Win32.Build.0 = Static Release CRT|Win32
		{363B6C5B-2BE7-4CFC-800B-EE8E94C0C664}.Static Release|Win32.ActiveCfg = Static Release|Win32
		{363B6C5B-2BE7-4CFC-800B-EE8E94C0C664}.Static Release|Win32.Build.0 = Static Release|Win32
		{2C9BE81F-C5FE-4E2D-8E0D-73BDF89BCB76}.Debug|Win32.ActiveCfg = Debug|Win32
		{2C9BE81F-C5FE-4E2D-8E0D-73BDF89BCB76}.Debug|Win32.Build.0 = Debug|Win32
		{2C9BE81F-C5FE-4E2D-8E0D-73BDF89BCB76}.DLL Release|Win32.ActiveCfg = DLL Release|Win32
		{2C9BE81F-C5FE-4E2D-8E0D-73BDF89BCB76}.DLL Release|Win32.Build.0 = DLL Release|Win32
		{2C9BE81F-C5FE-4E2D-8E0D-73BDF89BCB76}.Release|Win32.ActiveCfg = Release|Win32
		{2C9BE81F-C5FE-4E2D-8E0D-73BDF89BCB76}.Release|Win32.Build.0 = Release|Win32
		{2C9BE81F-C5FE-4E2D-8E0D-73BDF89BCB76}.Static Debug|Win32.ActiveCfg = Static Debug|Win32
		{2C9BE81F-C5FE-4E2D-8E0D-73BDF89BCB76}.Static Debug|Win32.Build.0 = Static Debug|Win32
		{2C9BE81F-C5FE-4E2D-8E0D-73BDF89BCB76}.Static Release CRT|Win32.ActiveCfg = Static Release CRT|Win32
		{2C9BE81F-C5FE-4E2D-8E0D-73BDF89BCB76}.Static Release CRT|Win32.Build.0 = Static Release CRT|Win32
		{2C9BE81F-C5FE-4E2D-8E0D-73BDF89BCB76}.Static Release|Win32.ActiveCfg = Static Release|Win32
		{2C9BE81F-C5FE-4E2D-8E0D-73BDF89BCB76}.Static Release|Win32.Build.0 = Static Release|Win32
		{5F031903-B2E3-454A-8360-77FD19E3EE77}.Debug|Win32.ActiveCfg = Debug|Win32
		{5F031903-B2E3-454A-8360-77FD19E3EE77}.Debug|Win32.Build.0 = Debug|Win32
		{5F031903-B2E3-454A-8360-77FD19E3EE77}.DLL Release|Win32.ActiveCfg = DLL Release|Win32
		{5F031903-B2E3-454A-8360-77FD19E3EE77}.DLL Release|Win32.Build.0 = DLL Release|Win32
		{5F031903-B2E3-454A-8360-77FD19E3EE77}.Release|Win32.ActiveCfg = Release|Win32
		{5F031903-B2E3-454A-8360-77FD19E3EE77}.Release|Win32.Build.0 = Release|Win32
		{5F031903-B2E3-454A-8360-77FD19E3EE77}.Static Debug|Win32.ActiveCfg = Static Debug|Win32
		{5F031903-B2E3-454A-8360-77FD19E3EE77}.Static Debug|Win32.Build.0 = Static Debug|Win32
		{5F031903-B2E3-454A-8360-77FD19E3EE77}.Static Release CRT|Win32.ActiveCfg = Static Release CRT|Win32
		{5F031903-B2E3-454A-8360-77FD19E3EE77}.Static Release CRT|Win32.Build.0 = Static Release CRT|Win32
		{5F031903-B2E3-454A-8360-77FD19E3EE77}.Static Release|Win32.ActiveCfg = Static Release|Win32
		{5F031903-B2E3-454A-8360-77FD19E3EE77}.Static Release|Win32.Build.0 = Static Release|Win32
	EndGlobalSection
	GlobalSection(SolutionProperties) = preSolution
		HideSolutionNode = FALSE
	EndGlobalSection
EndGlobal
